
Microsoft Visual Studio Solution File, Format Version 12.00
# Visual Studio Version 17
VisualStudioVersion = 17.7.34202.233
MinimumVisualStudioVersion = 10.0.40219.1
Project("{FAE04EC0-301F-11D3-BF4B-00C04F79EFBC}") = "Luca_Andra_Lab2", "Luca_Andra_Lab2.csproj", "{0A584E0F-A615-4E04-8ABE-078E177FC392}"
EndProject
Global
	GlobalSection(SolutionConfigurationPlatforms) = preSolution
		Debug|Any CPU = Debug|Any CPU
		Release|Any CPU = Release|Any CPU
	EndGlobalSection
	GlobalSection(ProjectConfigurationPlatforms) = postSolution
		{0A584E0F-A615-4E04-8ABE-078E177FC392}.Debug|Any CPU.ActiveCfg = Debug|Any CPU
		{0A584E0F-A615-4E04-8ABE-078E177FC392}.Debug|Any CPU.Build.0 = Debug|Any CPU
		{0A584E0F-A615-4E04-8ABE-078E177FC392}.Release|Any CPU.ActiveCfg = Release|Any CPU
		{0A584E0F-A615-4E04-8ABE-078E177FC392}.Release|Any CPU.Build.0 = Release|Any CPU
	EndGlobalSection
	GlobalSection(SolutionProperties) = preSolution
		HideSolutionNode = FALSE
	EndGlobalSection
	GlobalSection(ExtensibilityGlobals) = postSolution
		SolutionGuid = {7350E897-70A5-4738-AC8B-674D2CA91FC2}
	EndGlobalSection
EndGlobal
